// !$*UTF8*$!
{
	archiveVersion = 1;
	classes = {
	};
	objectVersion = 46;
	objects = {

/* Begin PBXBuildFile section */
		A544E5F41BBA987F00288BFA /* AppDelegate.swift in Sources */ = {isa = PBXBuildFile; fileRef = A544E5F31BBA987F00288BFA /* AppDelegate.swift */; };
		A544E5F61BBA987F00288BFA /* ViewController.swift in Sources */ = {isa = PBXBuildFile; fileRef = A544E5F51BBA987F00288BFA /* ViewController.swift */; };
		A544E5F91BBA987F00288BFA /* Main.storyboard in Resources */ = {isa = PBXBuildFile; fileRef = A544E5F71BBA987F00288BFA /* Main.storyboard */; };
		A544E5FB1BBA987F00288BFA /* Images.xcassets in Resources */ = {isa = PBXBuildFile; fileRef = A544E5FA1BBA987F00288BFA /* Images.xcassets */; };
		A544E5FE1BBA987F00288BFA /* LaunchScreen.xib in Resources */ = {isa = PBXBuildFile; fileRef = A544E5FC1BBA987F00288BFA /* LaunchScreen.xib */; };
		A544E60A1BBA987F00288BFA /* AutoCompleteApiSwiftTests.swift in Sources */ = {isa = PBXBuildFile; fileRef = A544E6091BBA987F00288BFA /* AutoCompleteApiSwiftTests.swift */; };
		A544E6161BBA993600288BFA /* CoreLocation.framework in Frameworks */ = {isa = PBXBuildFile; fileRef = A544E6151BBA993600288BFA /* CoreLocation.framework */; };
		A544E6181BBA993B00288BFA /* MapKit.framework in Frameworks */ = {isa = PBXBuildFile; fileRef = A544E6171BBA993B00288BFA /* MapKit.framework */; };
		A544E62B1BBAAEEF00288BFA /* Location.swift in Sources */ = {isa = PBXBuildFile; fileRef = A544E6281BBAAEEF00288BFA /* Location.swift */; };
		A544E62C1BBAAEEF00288BFA /* MKMapViewExtension.swift in Sources */ = {isa = PBXBuildFile; fileRef = A544E6291BBAAEEF00288BFA /* MKMapViewExtension.swift */; };
		A544E62D1BBAAEEF00288BFA /* Service.swift in Sources */ = {isa = PBXBuildFile; fileRef = A544E62A1BBAAEEF00288BFA /* Service.swift */; };
		A544E6381BBAD47F00288BFA /* AutoCompleteTextField.swift in Sources */ = {isa = PBXBuildFile; fileRef = A544E6371BBAD47F00288BFA /* AutoCompleteTextField.swift */; };
/* End PBXBuildFile section */

/* Begin PBXContainerItemProxy section */
		A544E6041BBA987F00288BFA /* PBXContainerItemProxy */ = {
			isa = PBXContainerItemProxy;
			containerPortal = A544E5E61BBA987E00288BFA /* Project object */;
			proxyType = 1;
			remoteGlobalIDString = A544E5ED1BBA987E00288BFA;
			remoteInfo = AutoCompleteApiSwift;
		};
/* End PBXContainerItemProxy section */

/* Begin PBXFileReference section */
		A544E5EE1BBA987E00288BFA /* AutoCompleteApiSwift.app */ = {isa = PBXFileReference; explicitFileType = wrapper.application; includeInIndex = 0; path = AutoCompleteApiSwift.app; sourceTree = BUILT_PRODUCTS_DIR; };
		A544E5F21BBA987F00288BFA /* Info.plist */ = {isa = PBXFileReference; lastKnownFileType = text.plist.xml; path = Info.plist; sourceTree = "<group>"; };
		A544E5F31BBA987F00288BFA /* AppDelegate.swift */ = {isa = PBXFileReference; lastKnownFileType = sourcecode.swift; path = AppDelegate.swift; sourceTree = "<group>"; };
		A544E5F51BBA987F00288BFA /* ViewController.swift */ = {isa = PBXFileReference; lastKnownFileType = sourcecode.swift; path = ViewController.swift; sourceTree = "<group>"; };
		A544E5F81BBA987F00288BFA /* Base */ = {isa = PBXFileReference; lastKnownFileType = file.storyboard; name = Base; path = Base.lproj/Main.storyboard; sourceTree = "<group>"; };
		A544E5FA1BBA987F00288BFA /* Images.xcassets */ = {isa = PBXFileReference; lastKnownFileType = folder.assetcatalog; path = Images.xcassets; sourceTree = "<group>"; };
		A544E5FD1BBA987F00288BFA /* Base */ = {isa = PBXFileReference; lastKnownFileType = file.xib; name = Base; path = Base.lproj/LaunchScreen.xib; sourceTree = "<group>"; };
		A544E6031BBA987F00288BFA /* AutoCompleteApiSwiftTests.xctest */ = {isa = PBXFileReference; explicitFileType = wrapper.cfbundle; includeInIndex = 0; path = AutoCompleteApiSwiftTests.xctest; sourceTree = BUILT_PRODUCTS_DIR; };
		A544E6081BBA987F00288BFA /* Info.plist */ = {isa = PBXFileReference; lastKnownFileType = text.plist.xml; path = Info.plist; sourceTree = "<group>"; };
		A544E6091BBA987F00288BFA /* AutoCompleteApiSwiftTests.swift */ = {isa = PBXFileReference; lastKnownFileType = sourcecode.swift; path = AutoCompleteApiSwiftTests.swift; sourceTree = "<group>"; };
		A544E6151BBA993600288BFA /* CoreLocation.framework */ = {isa = PBXFileReference; lastKnownFileType = wrapper.framework; name = CoreLocation.framework; path = System/Library/Frameworks/CoreLocation.framework; sourceTree = SDKROOT; };
		A544E6171BBA993B00288BFA /* MapKit.framework */ = {isa = PBXFileReference; lastKnownFileType = wrapper.framework; name = MapKit.framework; path = System/Library/Frameworks/MapKit.framework; sourceTree = SDKROOT; };
		A544E6281BBAAEEF00288BFA /* Location.swift */ = {isa = PBXFileReference; fileEncoding = 4; lastKnownFileType = sourcecode.swift; path = Location.swift; sourceTree = "<group>"; };
		A544E6291BBAAEEF00288BFA /* MKMapViewExtension.swift */ = {isa = PBXFileReference; fileEncoding = 4; lastKnownFileType = sourcecode.swift; path = MKMapViewExtension.swift; sourceTree = "<group>"; };
		A544E62A1BBAAEEF00288BFA /* Service.swift */ = {isa = PBXFileReference; fileEncoding = 4; lastKnownFileType = sourcecode.swift; path = Service.swift; sourceTree = "<group>"; };
		A544E6371BBAD47F00288BFA /* AutoCompleteTextField.swift */ = {isa = PBXFileReference; fileEncoding = 4; lastKnownFileType = sourcecode.swift; path = AutoCompleteTextField.swift; sourceTree = "<group>"; };
/* End PBXFileReference section */

/* Begin PBXFrameworksBuildPhase section */
		A544E5EB1BBA987E00288BFA /* Frameworks */ = {
			isa = PBXFrameworksBuildPhase;
			buildActionMask = 2147483647;
			files = (
				A544E6181BBA993B00288BFA /* MapKit.framework in Frameworks */,
				A544E6161BBA993600288BFA /* CoreLocation.framework in Frameworks */,
			);
			runOnlyForDeploymentPostprocessing = 0;
		};
		A544E6001BBA987F00288BFA /* Frameworks */ = {
			isa = PBXFrameworksBuildPhase;
			buildActionMask = 2147483647;
			files = (
			);
			runOnlyForDeploymentPostprocessing = 0;
		};
/* End PBXFrameworksBuildPhase section */

/* Begin PBXGroup section */
		A544E5E51BBA987E00288BFA = {
			isa = PBXGroup;
			children = (
				A544E6171BBA993B00288BFA /* MapKit.framework */,
				A544E6151BBA993600288BFA /* CoreLocation.framework */,
				A544E5F01BBA987E00288BFA /* AutoCompleteApiSwift */,
				A544E6061BBA987F00288BFA /* AutoCompleteApiSwiftTests */,
				A544E5EF1BBA987E00288BFA /* Products */,
			);
			sourceTree = "<group>";
		};
		A544E5EF1BBA987E00288BFA /* Products */ = {
			isa = PBXGroup;
			children = (
				A544E5EE1BBA987E00288BFA /* AutoCompleteApiSwift.app */,
				A544E6031BBA987F00288BFA /* AutoCompleteApiSwiftTests.xctest */,
			);
			name = Products;
			sourceTree = "<group>";
		};
		A544E5F01BBA987E00288BFA /* AutoCompleteApiSwift */ = {
			isa = PBXGroup;
			children = (
				A544E6271BBAAEEF00288BFA /* Helpers */,
				A544E5F31BBA987F00288BFA /* AppDelegate.swift */,
				A544E5F51BBA987F00288BFA /* ViewController.swift */,
				A544E5F71BBA987F00288BFA /* Main.storyboard */,
				A544E5FA1BBA987F00288BFA /* Images.xcassets */,
				A544E5FC1BBA987F00288BFA /* LaunchScreen.xib */,
				A544E5F11BBA987F00288BFA /* Supporting Files */,
			);
			path = AutoCompleteApiSwift;
			sourceTree = "<group>";
		};
		A544E5F11BBA987F00288BFA /* Supporting Files */ = {
			isa = PBXGroup;
			children = (
				A544E5F21BBA987F00288BFA /* Info.plist */,
			);
			name = "Supporting Files";
			sourceTree = "<group>";
		};
		A544E6061BBA987F00288BFA /* AutoCompleteApiSwiftTests */ = {
			isa = PBXGroup;
			children = (
				A544E6091BBA987F00288BFA /* AutoCompleteApiSwiftTests.swift */,
				A544E6071BBA987F00288BFA /* Supporting Files */,
			);
			path = AutoCompleteApiSwiftTests;
			sourceTree = "<group>";
		};
		A544E6071BBA987F00288BFA /* Supporting Files */ = {
			isa = PBXGroup;
			children = (
				A544E6081BBA987F00288BFA /* Info.plist */,
			);
			name = "Supporting Files";
			sourceTree = "<group>";
		};
		A544E6271BBAAEEF00288BFA /* Helpers */ = {
			isa = PBXGroup;
			children = (
				A544E6371BBAD47F00288BFA /* AutoCompleteTextField.swift */,
				A544E6281BBAAEEF00288BFA /* Location.swift */,
				A544E6291BBAAEEF00288BFA /* MKMapViewExtension.swift */,
				A544E62A1BBAAEEF00288BFA /* Service.swift */,
			);
			path = Helpers;
			sourceTree = "<group>";
		};
/* End PBXGroup section */

/* Begin PBXNativeTarget section */
		A544E5ED1BBA987E00288BFA /* AutoCompleteApiSwift */ = {
			isa = PBXNativeTarget;
			buildConfigurationList = A544E60D1BBA987F00288BFA /* Build configuration list for PBXNativeTarget "AutoCompleteApiSwift" */;
			buildPhases = (
				A544E5EA1BBA987E00288BFA /* Sources */,
				A544E5EB1BBA987E00288BFA /* Frameworks */,
				A544E5EC1BBA987E00288BFA /* Resources */,
			);
			buildRules = (
			);
			dependencies = (
			);
			name = AutoCompleteApiSwift;
			productName = AutoCompleteApiSwift;
			productReference = A544E5EE1BBA987E00288BFA /* AutoCompleteApiSwift.app */;
			productType = "com.apple.product-type.application";
		};
		A544E6021BBA987F00288BFA /* AutoCompleteApiSwiftTests */ = {
			isa = PBXNativeTarget;
			buildConfigurationList = A544E6101BBA987F00288BFA /* Build configuration list for PBXNativeTarget "AutoCompleteApiSwiftTests" */;
			buildPhases = (
				A544E5FF1BBA987F00288BFA /* Sources */,
				A544E6001BBA987F00288BFA /* Frameworks */,
				A544E6011BBA987F00288BFA /* Resources */,
			);
			buildRules = (
			);
			dependencies = (
				A544E6051BBA987F00288BFA /* PBXTargetDependency */,
			);
			name = AutoCompleteApiSwiftTests;
			productName = AutoCompleteApiSwiftTests;
			productReference = A544E6031BBA987F00288BFA /* AutoCompleteApiSwiftTests.xctest */;
			productType = "com.apple.product-type.bundle.unit-test";
		};
/* End PBXNativeTarget section */

/* Begin PBXProject section */
		A544E5E61BBA987E00288BFA /* Project object */ = {
			isa = PBXProject;
			attributes = {
				LastUpgradeCheck = 0640;
				ORGANIZATIONNAME = Ashwinkumar;
				TargetAttributes = {
					A544E5ED1BBA987E00288BFA = {
						CreatedOnToolsVersion = 6.4;
					};
					A544E6021BBA987F00288BFA = {
						CreatedOnToolsVersion = 6.4;
						TestTargetID = A544E5ED1BBA987E00288BFA;
					};
				};
			};
			buildConfigurationList = A544E5E91BBA987E00288BFA /* Build configuration list for PBXProject "AutoCompleteApiSwift" */;
			compatibilityVersion = "Xcode 3.2";
			developmentRegion = English;
			hasScannedForEncodings = 0;
			knownRegions = (
				en,
				Base,
			);
			mainGroup = A544E5E51BBA987E00288BFA;
			productRefGroup = A544E5EF1BBA987E00288BFA /* Products */;
			projectDirPath = "";
			projectRoot = "";
			targets = (
				A544E5ED1BBA987E00288BFA /* AutoCompleteApiSwift */,
				A544E6021BBA987F00288BFA /* AutoCompleteApiSwiftTests */,
			);
		};
/* End PBXProject section */

/* Begin PBXResourcesBuildPhase section */
		A544E5EC1BBA987E00288BFA /* Resources */ = {
			isa = PBXResourcesBuildPhase;
			buildActionMask = 2147483647;
			files = (
				A544E5F91BBA987F00288BFA /* Main.storyboard in Resources */,
				A544E5FE1BBA987F00288BFA /* LaunchScreen.xib in Resources */,
				A544E5FB1BBA987F00288BFA /* Images.xcassets in Resources */,
			);
			runOnlyForDeploymentPostprocessing = 0;
		};
		A544E6011BBA987F00288BFA /* Resources */ = {
			isa = PBXResourcesBuildPhase;
			buildActionMask = 2147483647;
			files = (
			);
			runOnlyForDeploymentPostprocessing = 0;
		};
/* End PBXResourcesBuildPhase section */

/* Begin PBXSourcesBuildPhase section */
		A544E5EA1BBA987E00288BFA /* Sources */ = {
			isa = PBXSourcesBuildPhase;
			buildActionMask = 2147483647;
			files = (
				A544E62C1BBAAEEF00288BFA /* MKMapViewExtension.swift in Sources */,
				A544E5F61BBA987F00288BFA /* ViewController.swift in Sources */,
				A544E62B1BBAAEEF00288BFA /* Location.swift in Sources */,
				A544E6381BBAD47F00288BFA /* AutoCompleteTextField.swift in Sources */,
				A544E5F41BBA987F00288BFA /* AppDelegate.swift in Sources */,
				A544E62D1BBAAEEF00288BFA /* Service.swift in Sources */,
			);
			runOnlyForDeploymentPostprocessing = 0;
		};
		A544E5FF1BBA987F00288BFA /* Sources */ = {
			isa = PBXSourcesBuildPhase;
			buildActionMask = 2147483647;
			files = (
				A544E60A1BBA987F00288BFA /* AutoCompleteApiSwiftTests.swift in Sources */,
			);
			runOnlyForDeploymentPostprocessing = 0;
		};
/* End PBXSourcesBuildPhase section */

/* Begin PBXTargetDependency section */
		A544E6051BBA987F00288BFA /* PBXTargetDependency */ = {
			isa = PBXTargetDependency;
			target = A544E5ED1BBA987E00288BFA /* AutoCompleteApiSwift */;
			targetProxy = A544E6041BBA987F00288BFA /* PBXContainerItemProxy */;
		};
/* End PBXTargetDependency section */

/* Begin PBXVariantGroup section */
		A544E5F71BBA987F00288BFA /* Main.storyboard */ = {
			isa = PBXVariantGroup;
			children = (
				A544E5F81BBA987F00288BFA /* Base */,
			);
			name = Main.storyboard;
			sourceTree = "<group>";
		};
		A544E5FC1BBA987F00288BFA /* LaunchScreen.xib */ = {
			isa = PBXVariantGroup;
			children = (
				A544E5FD1BBA987F00288BFA /* Base */,
			);
			name = LaunchScreen.xib;
			sourceTree = "<group>";
		};
/* End PBXVariantGroup section */

/* Begin XCBuildConfiguration section */
		A544E60B1BBA987F00288BFA /* Debug */ = {
			isa = XCBuildConfiguration;
			buildSettings = {
				ALWAYS_SEARCH_USER_PATHS = NO;
				CLANG_CXX_LANGUAGE_STANDARD = "gnu++0x";
				CLANG_CXX_LIBRARY = "libc++";
				CLANG_ENABLE_MODULES = YES;
				CLANG_ENABLE_OBJC_ARC = YES;
				CLANG_WARN_BOOL_CONVERSION = YES;
				CLANG_WARN_CONSTANT_CONVERSION = YES;
				CLANG_WARN_DIRECT_OBJC_ISA_USAGE = YES_ERROR;
				CLANG_WARN_EMPTY_BODY = YES;
				CLANG_WARN_ENUM_CONVERSION = YES;
				CLANG_WARN_INT_CONVERSION = YES;
				CLANG_WARN_OBJC_ROOT_CLASS = YES_ERROR;
				CLANG_WARN_UNREACHABLE_CODE = YES;
				CLANG_WARN__DUPLICATE_METHOD_MATCH = YES;
				"CODE_SIGN_IDENTITY[sdk=iphoneos*]" = "iPhone Developer";
				COPY_PHASE_STRIP = NO;
				DEBUG_INFORMATION_FORMAT = "dwarf-with-dsym";
				ENABLE_STRICT_OBJC_MSGSEND = YES;
				GCC_C_LANGUAGE_STANDARD = gnu99;
				GCC_DYNAMIC_NO_PIC = NO;
				GCC_NO_COMMON_BLOCKS = YES;
				GCC_OPTIMIZATION_LEVEL = 0;
				GCC_PREPROCESSOR_DEFINITIONS = (
					"DEBUG=1",
					"$(inherited)",
				);
				GCC_SYMBOLS_PRIVATE_EXTERN = NO;
				GCC_WARN_64_TO_32_BIT_CONVERSION = YES;
				GCC_WARN_ABOUT_RETURN_TYPE = YES_ERROR;
				GCC_WARN_UNDECLARED_SELECTOR = YES;
				GCC_WARN_UNINITIALIZED_AUTOS = YES_AGGRESSIVE;
				GCC_WARN_UNUSED_FUNCTION = YES;
				GCC_WARN_UNUSED_VARIABLE = YES;
				IPHONEOS_DEPLOYMENT_TARGET = 8.4;
				MTL_ENABLE_DEBUG_INFO = YES;
				ONLY_ACTIVE_ARCH = YES;
				SDKROOT = iphoneos;
				SWIFT_OPTIMIZATION_LEVEL = "-Onone";
			};
			name = Debug;
		};
		A544E60C1BBA987F00288BFA /* Release */ = {
			isa = XCBuildConfiguration;
			buildSettings = {
				ALWAYS_SEARCH_USER_PATHS = NO;
				CLANG_CXX_LANGUAGE_STANDARD = "gnu++0x";
				CLANG_CXX_LIBRARY = "libc++";
				CLANG_ENABLE_MODULES = YES;
				CLANG_ENABLE_OBJC_ARC = YES;
				CLANG_WARN_BOOL_CONVERSION = YES;
				CLANG_WARN_CONSTANT_CONVERSION = YES;
				CLANG_WARN_DIRECT_OBJC_ISA_USAGE = YES_ERROR;
				CLANG_WARN_EMPTY_BODY = YES;
				CLANG_WARN_ENUM_CONVERSION = YES;
				CLANG_WARN_INT_CONVERSION = YES;
				CLANG_WARN_OBJC_ROOT_CLASS = YES_ERROR;
				CLANG_WARN_UNREACHABLE_CODE = YES;
				CLANG_WARN__DUPLICATE_METHOD_MATCH = YES;
				"CODE_SIGN_IDENTITY[sdk=iphoneos*]" = "iPhone Developer";
				COPY_PHASE_STRIP = NO;
				DEBUG_INFORMATION_FORMAT = "dwarf-with-dsym";
				ENABLE_NS_ASSERTIONS = NO;
				ENABLE_STRICT_OBJC_MSGSEND = YES;
				GCC_C_LANGUAGE_STANDARD = gnu99;
				GCC_NO_COMMON_BLOCKS = YES;
				GCC_WARN_64_TO_32_BIT_CONVERSION = YES;
				GCC_WARN_ABOUT_RETURN_TYPE = YES_ERROR;
				GCC_WARN_UNDECLARED_SELECTOR = YES;
				GCC_WARN_UNINITIALIZED_AUTOS = YES_AGGRESSIVE;
				GCC_WARN_UNUSED_FUNCTION = YES;
				GCC_WARN_UNUSED_VARIABLE = YES;
				IPHONEOS_DEPLOYMENT_TARGET = 8.4;
				MTL_ENABLE_DEBUG_INFO = NO;
				SDKROOT = iphoneos;
				VALIDATE_PRODUCT = YES;
			};
			name = Release;
		};
		A544E60E1BBA987F00288BFA /* Debug */ = {
			isa = XCBuildConfiguration;
			buildSettings = {
				ASSETCATALOG_COMPILER_APPICON_NAME = AppIcon;
				INFOPLIST_FILE = AutoCompleteApiSwift/Info.plist;
				LD_RUNPATH_SEARCH_PATHS = "$(inherited) @executable_path/Frameworks";
				PRODUCT_NAME = "$(TARGET_NAME)";
			};
			name = Debug;
		};
		A544E60F1BBA987F00288BFA /* Release */ = {
			isa = XCBuildConfiguration;
			buildSettings = {
				ASSETCATALOG_COMPILER_APPICON_NAME = AppIcon;
				INFOPLIST_FILE = AutoCompleteApiSwift/Info.plist;
				LD_RUNPATH_SEARCH_PATHS = "$(inherited) @executable_path/Frameworks";
				PRODUCT_NAME = "$(TARGET_NAME)";
			};
			name = Release;
		};
		A544E6111BBA987F00288BFA /* Debug */ = {
			isa = XCBuildConfiguration;
			buildSettings = {
				BUNDLE_LOADER = "$(TEST_HOST)";
				FRAMEWORK_SEARCH_PATHS = (
					"$(SDKROOT)/Developer/Library/Frameworks",
					"$(inherited)",
				);
				GCC_PREPROCESSOR_DEFINITIONS = (
					"DEBUG=1",
					"$(inherited)",
				);
				INFOPLIST_FILE = AutoCompleteApiSwiftTests/Info.plist;
				LD_RUNPATH_SEARCH_PATHS = "$(inherited) @executable_path/Frameworks @loader_path/Frameworks";
				PRODUCT_NAME = "$(TARGET_NAME)";
				TEST_HOST = "$(BUILT_PRODUCTS_DIR)/AutoCompleteApiSwift.app/AutoCompleteApiSwift";
			};
			name = Debug;
		};
		A544E6121BBA987F00288BFA /* Release */ = {
			isa = XCBuildConfiguration;
			buildSettings = {
				BUNDLE_LOADER = "$(TEST_HOST)";
				FRAMEWORK_SEARCH_PATHS = (
					"$(SDKROOT)/Developer/Library/Frameworks",
					"$(inherited)",
				);
				INFOPLIST_FILE = AutoCompleteApiSwiftTests/Info.plist;
				LD_RUNPATH_SEARCH_PATHS = "$(inherited) @executable_path/Frameworks @loader_path/Frameworks";
				PRODUCT_NAME = "$(TARGET_NAME)";
				TEST_HOST = "$(BUILT_PRODUCTS_DIR)/AutoCompleteApiSwift.app/AutoCompleteApiSwift";
			};
			name = Release;
		};
/* End XCBuildConfiguration section */

/* Begin XCConfigurationList section */
		A544E5E91BBA987E00288BFA /* Build configuration list for PBXProject "AutoCompleteApiSwift" */ = {
			isa = XCConfigurationList;
			buildConfigurations = (
				A544E60B1BBA987F00288BFA /* Debug */,
				A544E60C1BBA987F00288BFA /* Release */,
			);
			defaultConfigurationIsVisible = 0;
			defaultConfigurationName = Release;
		};
		A544E60D1BBA987F00288BFA /* Build configuration list for PBXNativeTarget "AutoCompleteApiSwift" */ = {
			isa = XCConfigurationList;
			buildConfigurations = (
				A544E60E1BBA987F00288BFA /* Debug */,
				A544E60F1BBA987F00288BFA /* Release */,
			);
			defaultConfigurationIsVisible = 0;
		};
		A544E6101BBA987F00288BFA /* Build configuration list for PBXNativeTarget "AutoCompleteApiSwiftTests" */ = {
			isa = XCConfigurationList;
			buildConfigurations = (
				A544E6111BBA987F00288BFA /* Debug */,
				A544E6121BBA987F00288BFA /* Release */,
			);
			defaultConfigurationIsVisible = 0;
		};
/* End XCConfigurationList section */
	};
	rootObject = A544E5E61BBA987E00288BFA /* Project object */;
}
